
Microsoft Visual Studio Solution File, Format Version 12.00
# Visual Studio Version 17
VisualStudioVersion = 17.1.32228.430
MinimumVisualStudioVersion = 10.0.40219.1
Project("{8BC9CEB8-8B4A-11D0-8D11-00A0C91BC942}") = "Project2", "Project2.vcxproj", "{76CCCF6E-0793-4B69-8C28-5702D7F30D86}"
EndProject
Global
	GlobalSection(SolutionConfigurationPlatforms) = preSolution
		Debug|x64 = Debug|x64
		Debug|x86 = Debug|x86
		Release|x64 = Release|x64
		Release|x86 = Release|x86
	EndGlobalSection
	GlobalSection(ProjectConfigurationPlatforms) = postSolution
		{76CCCF6E-0793-4B69-8C28-5702D7F30D86}.Debug|x64.ActiveCfg = Debug|x64
		{76CCCF6E-0793-4B69-8C28-5702D7F30D86}.Debug|x64.Build.0 = Debug|x64
		{76CCCF6E-0793-4B69-8C28-5702D7F30D86}.Debug|x86.ActiveCfg = Debug|Win32
		{76CCCF6E-0793-4B69-8C28-5702D7F30D86}.Debug|x86.Build.0 = Debug|Win32
		{76CCCF6E-0793-4B69-8C28-5702D7F30D86}.Release|x64.ActiveCfg = Release|x64
		{76CCCF6E-0793-4B69-8C28-5702D7F30D86}.Release|x64.Build.0 = Release|x64
		{76CCCF6E-0793-4B69-8C28-5702D7F30D86}.Release|x86.ActiveCfg = Release|Win32
		{76CCCF6E-0793-4B69-8C28-5702D7F30D86}.Release|x86.Build.0 = Release|Win32
	EndGlobalSection
	GlobalSection(SolutionProperties) = preSolution
		HideSolutionNode = FALSE
	EndGlobalSection
	GlobalSection(ExtensibilityGlobals) = postSolution
		SolutionGuid = {83D88EBD-7268-47C6-81DF-396DD142D996}
	EndGlobalSection
EndGlobal
