
Microsoft Visual Studio Solution File, Format Version 12.00
# Visual Studio Version 17
VisualStudioVersion = 17.1.32228.430
MinimumVisualStudioVersion = 10.0.40219.1
Project("{8BC9CEB8-8B4A-11D0-8D11-00A0C91BC942}") = "Project1", "Project1.vcxproj", "{830B7B7B-BDCB-4E0C-8ED4-4B495A1BE1DD}"
EndProject
Global
	GlobalSection(SolutionConfigurationPlatforms) = preSolution
		Debug|x64 = Debug|x64
		Debug|x86 = Debug|x86
		Release|x64 = Release|x64
		Release|x86 = Release|x86
	EndGlobalSection
	GlobalSection(ProjectConfigurationPlatforms) = postSolution
		{830B7B7B-BDCB-4E0C-8ED4-4B495A1BE1DD}.Debug|x64.ActiveCfg = Debug|x64
		{830B7B7B-BDCB-4E0C-8ED4-4B495A1BE1DD}.Debug|x64.Build.0 = Debug|x64
		{830B7B7B-BDCB-4E0C-8ED4-4B495A1BE1DD}.Debug|x86.ActiveCfg = Debug|Win32
		{830B7B7B-BDCB-4E0C-8ED4-4B495A1BE1DD}.Debug|x86.Build.0 = Debug|Win32
		{830B7B7B-BDCB-4E0C-8ED4-4B495A1BE1DD}.Release|x64.ActiveCfg = Release|x64
		{830B7B7B-BDCB-4E0C-8ED4-4B495A1BE1DD}.Release|x64.Build.0 = Release|x64
		{830B7B7B-BDCB-4E0C-8ED4-4B495A1BE1DD}.Release|x86.ActiveCfg = Release|Win32
		{830B7B7B-BDCB-4E0C-8ED4-4B495A1BE1DD}.Release|x86.Build.0 = Release|Win32
	EndGlobalSection
	GlobalSection(SolutionProperties) = preSolution
		HideSolutionNode = FALSE
	EndGlobalSection
	GlobalSection(ExtensibilityGlobals) = postSolution
		SolutionGuid = {C4DF308B-3700-4D5C-8485-54379A7B0745}
	EndGlobalSection
EndGlobal
