
Microsoft Visual Studio Solution File, Format Version 12.00
# Visual Studio Version 17
VisualStudioVersion = 17.1.32228.430
MinimumVisualStudioVersion = 10.0.40219.1
Project("{8BC9CEB8-8B4A-11D0-8D11-00A0C91BC942}") = "Project10", "Project10.vcxproj", "{E6E152EF-5412-4512-B371-B1B189DD9A72}"
EndProject
Global
	GlobalSection(SolutionConfigurationPlatforms) = preSolution
		Debug|x64 = Debug|x64
		Debug|x86 = Debug|x86
		Release|x64 = Release|x64
		Release|x86 = Release|x86
	EndGlobalSection
	GlobalSection(ProjectConfigurationPlatforms) = postSolution
		{E6E152EF-5412-4512-B371-B1B189DD9A72}.Debug|x64.ActiveCfg = Debug|x64
		{E6E152EF-5412-4512-B371-B1B189DD9A72}.Debug|x64.Build.0 = Debug|x64
		{E6E152EF-5412-4512-B371-B1B189DD9A72}.Debug|x86.ActiveCfg = Debug|Win32
		{E6E152EF-5412-4512-B371-B1B189DD9A72}.Debug|x86.Build.0 = Debug|Win32
		{E6E152EF-5412-4512-B371-B1B189DD9A72}.Release|x64.ActiveCfg = Release|x64
		{E6E152EF-5412-4512-B371-B1B189DD9A72}.Release|x64.Build.0 = Release|x64
		{E6E152EF-5412-4512-B371-B1B189DD9A72}.Release|x86.ActiveCfg = Release|Win32
		{E6E152EF-5412-4512-B371-B1B189DD9A72}.Release|x86.Build.0 = Release|Win32
	EndGlobalSection
	GlobalSection(SolutionProperties) = preSolution
		HideSolutionNode = FALSE
	EndGlobalSection
	GlobalSection(ExtensibilityGlobals) = postSolution
		SolutionGuid = {68BF1328-AE22-4B98-A7FF-60CFF9E586E3}
	EndGlobalSection
EndGlobal
