
Microsoft Visual Studio Solution File, Format Version 12.00
# Visual Studio Version 17
VisualStudioVersion = 17.1.32228.430
MinimumVisualStudioVersion = 10.0.40219.1
Project("{8BC9CEB8-8B4A-11D0-8D11-00A0C91BC942}") = "testprogramme", "testprogramme.vcxproj", "{1CF41681-4F6C-4C3B-89AA-583CC50975EC}"
EndProject
Global
	GlobalSection(SolutionConfigurationPlatforms) = preSolution
		Debug|x64 = Debug|x64
		Debug|x86 = Debug|x86
		Release|x64 = Release|x64
		Release|x86 = Release|x86
	EndGlobalSection
	GlobalSection(ProjectConfigurationPlatforms) = postSolution
		{1CF41681-4F6C-4C3B-89AA-583CC50975EC}.Debug|x64.ActiveCfg = Debug|x64
		{1CF41681-4F6C-4C3B-89AA-583CC50975EC}.Debug|x64.Build.0 = Debug|x64
		{1CF41681-4F6C-4C3B-89AA-583CC50975EC}.Debug|x86.ActiveCfg = Debug|Win32
		{1CF41681-4F6C-4C3B-89AA-583CC50975EC}.Debug|x86.Build.0 = Debug|Win32
		{1CF41681-4F6C-4C3B-89AA-583CC50975EC}.Release|x64.ActiveCfg = Release|x64
		{1CF41681-4F6C-4C3B-89AA-583CC50975EC}.Release|x64.Build.0 = Release|x64
		{1CF41681-4F6C-4C3B-89AA-583CC50975EC}.Release|x86.ActiveCfg = Release|Win32
		{1CF41681-4F6C-4C3B-89AA-583CC50975EC}.Release|x86.Build.0 = Release|Win32
	EndGlobalSection
	GlobalSection(SolutionProperties) = preSolution
		HideSolutionNode = FALSE
	EndGlobalSection
	GlobalSection(ExtensibilityGlobals) = postSolution
		SolutionGuid = {2992D275-FE56-43E8-B569-7F9ED7B11A8E}
	EndGlobalSection
EndGlobal
