
Microsoft Visual Studio Solution File, Format Version 12.00
# Visual Studio Version 17
VisualStudioVersion = 17.1.32228.430
MinimumVisualStudioVersion = 10.0.40219.1
Project("{8BC9CEB8-8B4A-11D0-8D11-00A0C91BC942}") = "Project1", "Project1.vcxproj", "{81862255-A047-4E80-83D5-316E38DAEBD9}"
EndProject
Global
	GlobalSection(SolutionConfigurationPlatforms) = preSolution
		Debug|x64 = Debug|x64
		Debug|x86 = Debug|x86
		Release|x64 = Release|x64
		Release|x86 = Release|x86
	EndGlobalSection
	GlobalSection(ProjectConfigurationPlatforms) = postSolution
		{81862255-A047-4E80-83D5-316E38DAEBD9}.Debug|x64.ActiveCfg = Debug|x64
		{81862255-A047-4E80-83D5-316E38DAEBD9}.Debug|x64.Build.0 = Debug|x64
		{81862255-A047-4E80-83D5-316E38DAEBD9}.Debug|x86.ActiveCfg = Debug|Win32
		{81862255-A047-4E80-83D5-316E38DAEBD9}.Debug|x86.Build.0 = Debug|Win32
		{81862255-A047-4E80-83D5-316E38DAEBD9}.Release|x64.ActiveCfg = Release|x64
		{81862255-A047-4E80-83D5-316E38DAEBD9}.Release|x64.Build.0 = Release|x64
		{81862255-A047-4E80-83D5-316E38DAEBD9}.Release|x86.ActiveCfg = Release|Win32
		{81862255-A047-4E80-83D5-316E38DAEBD9}.Release|x86.Build.0 = Release|Win32
	EndGlobalSection
	GlobalSection(SolutionProperties) = preSolution
		HideSolutionNode = FALSE
	EndGlobalSection
	GlobalSection(ExtensibilityGlobals) = postSolution
		SolutionGuid = {81D40E24-21AC-44A4-B244-E2C6F5F8CBBD}
	EndGlobalSection
EndGlobal
