
Microsoft Visual Studio Solution File, Format Version 12.00
# Visual Studio Version 17
VisualStudioVersion = 17.1.32228.430
MinimumVisualStudioVersion = 10.0.40219.1
Project("{8BC9CEB8-8B4A-11D0-8D11-00A0C91BC942}") = "Project9", "Project9.vcxproj", "{0E407D50-CEAB-40AF-8B43-A9F3E50B33C2}"
EndProject
Global
	GlobalSection(SolutionConfigurationPlatforms) = preSolution
		Debug|x64 = Debug|x64
		Debug|x86 = Debug|x86
		Release|x64 = Release|x64
		Release|x86 = Release|x86
	EndGlobalSection
	GlobalSection(ProjectConfigurationPlatforms) = postSolution
		{0E407D50-CEAB-40AF-8B43-A9F3E50B33C2}.Debug|x64.ActiveCfg = Debug|x64
		{0E407D50-CEAB-40AF-8B43-A9F3E50B33C2}.Debug|x64.Build.0 = Debug|x64
		{0E407D50-CEAB-40AF-8B43-A9F3E50B33C2}.Debug|x86.ActiveCfg = Debug|Win32
		{0E407D50-CEAB-40AF-8B43-A9F3E50B33C2}.Debug|x86.Build.0 = Debug|Win32
		{0E407D50-CEAB-40AF-8B43-A9F3E50B33C2}.Release|x64.ActiveCfg = Release|x64
		{0E407D50-CEAB-40AF-8B43-A9F3E50B33C2}.Release|x64.Build.0 = Release|x64
		{0E407D50-CEAB-40AF-8B43-A9F3E50B33C2}.Release|x86.ActiveCfg = Release|Win32
		{0E407D50-CEAB-40AF-8B43-A9F3E50B33C2}.Release|x86.Build.0 = Release|Win32
	EndGlobalSection
	GlobalSection(SolutionProperties) = preSolution
		HideSolutionNode = FALSE
	EndGlobalSection
	GlobalSection(ExtensibilityGlobals) = postSolution
		SolutionGuid = {AA580DB5-B8E6-4C2D-9DA9-FBC045E7EA2F}
	EndGlobalSection
EndGlobal
